// !$*UTF8*$!
{
	archiveVersion = 1;
	classes = {
	};
	objectVersion = 56;
	objects = {

/* Begin PBXBuildFile section */
		55D665A52C0DC234004D9487 /* SantoApp.swift in Sources */ = {isa = PBXBuildFile; fileRef = 55D665A42C0DC234004D9487 /* SantoApp.swift */; };
		55D665A72C0DC234004D9487 /* ContentView.swift in Sources */ = {isa = PBXBuildFile; fileRef = 55D665A62C0DC234004D9487 /* ContentView.swift */; };
		55D665A92C0DC235004D9487 /* Assets.xcassets in Resources */ = {isa = PBXBuildFile; fileRef = 55D665A82C0DC235004D9487 /* Assets.xcassets */; };
		55D665AC2C0DC235004D9487 /* Preview Assets.xcassets in Resources */ = {isa = PBXBuildFile; fileRef = 55D665AB2C0DC235004D9487 /* Preview Assets.xcassets */; };
		55D665B62C0DC236004D9487 /* SantoTests.swift in Sources */ = {isa = PBXBuildFile; fileRef = 55D665B52C0DC236004D9487 /* SantoTests.swift */; };
		55D665C02C0DC236004D9487 /* SantoUITests.swift in Sources */ = {isa = PBXBuildFile; fileRef = 55D665BF2C0DC236004D9487 /* SantoUITests.swift */; };
		55D665C22C0DC236004D9487 /* SantoUITestsLaunchTests.swift in Sources */ = {isa = PBXBuildFile; fileRef = 55D665C12C0DC236004D9487 /* SantoUITestsLaunchTests.swift */; };
		55D665D12C0DD642004D9487 /* mytime.swift in Sources */ = {isa = PBXBuildFile; fileRef = 55D665D02C0DD642004D9487 /* mytime.swift */; };
/* End PBXBuildFile section */

/* Begin PBXContainerItemProxy section */
		55D665B22C0DC236004D9487 /* PBXContainerItemProxy */ = {
			isa = PBXContainerItemProxy;
			containerPortal = 55D665992C0DC233004D9487 /* Project object */;
			proxyType = 1;
			remoteGlobalIDString = 55D665A02C0DC234004D9487;
			remoteInfo = Santo;
		};
		55D665BC2C0DC236004D9487 /* PBXContainerItemProxy */ = {
			isa = PBXContainerItemProxy;
			containerPortal = 55D665992C0DC233004D9487 /* Project object */;
			proxyType = 1;
			remoteGlobalIDString = 55D665A02C0DC234004D9487;
			remoteInfo = Santo;
		};
/* End PBXContainerItemProxy section */

/* Begin PBXFileReference section */
		55D665A12C0DC234004D9487 /* Santo.app */ = {isa = PBXFileReference; explicitFileType = wrapper.application; includeInIndex = 0; path = Santo.app; sourceTree = BUILT_PRODUCTS_DIR; };
		55D665A42C0DC234004D9487 /* SantoApp.swift */ = {isa = PBXFileReference; lastKnownFileType = sourcecode.swift; path = SantoApp.swift; sourceTree = "<group>"; };
		55D665A62C0DC234004D9487 /* ContentView.swift */ = {isa = PBXFileReference; lastKnownFileType = sourcecode.swift; path = ContentView.swift; sourceTree = "<group>"; };
		55D665A82C0DC235004D9487 /* Assets.xcassets */ = {isa = PBXFileReference; lastKnownFileType = folder.assetcatalog; path = Assets.xcassets; sourceTree = "<group>"; };
		55D665AB2C0DC235004D9487 /* Preview Assets.xcassets */ = {isa = PBXFileReference; lastKnownFileType = folder.assetcatalog; path = "Preview Assets.xcassets"; sourceTree = "<group>"; };
		55D665B12C0DC236004D9487 /* SantoTests.xctest */ = {isa = PBXFileReference; explicitFileType = wrapper.cfbundle; includeInIndex = 0; path = SantoTests.xctest; sourceTree = BUILT_PRODUCTS_DIR; };
		55D665B52C0DC236004D9487 /* SantoTests.swift */ = {isa = PBXFileReference; lastKnownFileType = sourcecode.swift; path = SantoTests.swift; sourceTree = "<group>"; };
		55D665BB2C0DC236004D9487 /* SantoUITests.xctest */ = {isa = PBXFileReference; explicitFileType = wrapper.cfbundle; includeInIndex = 0; path = SantoUITests.xctest; sourceTree = BUILT_PRODUCTS_DIR; };
		55D665BF2C0DC236004D9487 /* SantoUITests.swift */ = {isa = PBXFileReference; lastKnownFileType = sourcecode.swift; path = SantoUITests.swift; sourceTree = "<group>"; };
		55D665C12C0DC236004D9487 /* SantoUITestsLaunchTests.swift */ = {isa = PBXFileReference; lastKnownFileType = sourcecode.swift; path = SantoUITestsLaunchTests.swift; sourceTree = "<group>"; };
		55D665D02C0DD642004D9487 /* mytime.swift */ = {isa = PBXFileReference; lastKnownFileType = sourcecode.swift; path = mytime.swift; sourceTree = "<group>"; };
/* End PBXFileReference section */

/* Begin PBXFrameworksBuildPhase section */
		55D6659E2C0DC234004D9487 /* Frameworks */ = {
			isa = PBXFrameworksBuildPhase;
			buildActionMask = 2147483647;
			files = (
			);
			runOnlyForDeploymentPostprocessing = 0;
		};
		55D665AE2C0DC236004D9487 /* Frameworks */ = {
			isa = PBXFrameworksBuildPhase;
			buildActionMask = 2147483647;
			files = (
			);
			runOnlyForDeploymentPostprocessing = 0;
		};
		55D665B82C0DC236004D9487 /* Frameworks */ = {
			isa = PBXFrameworksBuildPhase;
			buildActionMask = 2147483647;
			files = (
			);
			runOnlyForDeploymentPostprocessing = 0;
		};
/* End PBXFrameworksBuildPhase section */

/* Begin PBXGroup section */
		55D665982C0DC233004D9487 = {
			isa = PBXGroup;
			children = (
				55D665A32C0DC234004D9487 /* Santo */,
				55D665B42C0DC236004D9487 /* SantoTests */,
				55D665BE2C0DC236004D9487 /* SantoUITests */,
				55D665A22C0DC234004D9487 /* Products */,
			);
			sourceTree = "<group>";
		};
		55D665A22C0DC234004D9487 /* Products */ = {
			isa = PBXGroup;
			children = (
				55D665A12C0DC234004D9487 /* Santo.app */,
				55D665B12C0DC236004D9487 /* SantoTests.xctest */,
				55D665BB2C0DC236004D9487 /* SantoUITests.xctest */,
			);
			name = Products;
			sourceTree = "<group>";
		};
		55D665A32C0DC234004D9487 /* Santo */ = {
			isa = PBXGroup;
			children = (
				55D665A42C0DC234004D9487 /* SantoApp.swift */,
				55D665A62C0DC234004D9487 /* ContentView.swift */,
				55D665D02C0DD642004D9487 /* mytime.swift */,
				55D665A82C0DC235004D9487 /* Assets.xcassets */,
				55D665AA2C0DC235004D9487 /* Preview Content */,
			);
			path = Santo;
			sourceTree = "<group>";
		};
		55D665AA2C0DC235004D9487 /* Preview Content */ = {
			isa = PBXGroup;
			children = (
				55D665AB2C0DC235004D9487 /* Preview Assets.xcassets */,
			);
			path = "Preview Content";
			sourceTree = "<group>";
		};
		55D665B42C0DC236004D9487 /* SantoTests */ = {
			isa = PBXGroup;
			children = (
				55D665B52C0DC236004D9487 /* SantoTests.swift */,
			);
			path = SantoTests;
			sourceTree = "<group>";
		};
		55D665BE2C0DC236004D9487 /* SantoUITests */ = {
			isa = PBXGroup;
			children = (
				55D665BF2C0DC236004D9487 /* SantoUITests.swift */,
				55D665C12C0DC236004D9487 /* SantoUITestsLaunchTests.swift */,
			);
			path = SantoUITests;
			sourceTree = "<group>";
		};
/* End PBXGroup section */

/* Begin PBXNativeTarget section */
		55D665A02C0DC234004D9487 /* Santo */ = {
			isa = PBXNativeTarget;
			buildConfigurationList = 55D665C52C0DC236004D9487 /* Build configuration list for PBXNativeTarget "Santo" */;
			buildPhases = (
				55D6659D2C0DC234004D9487 /* Sources */,
				55D6659E2C0DC234004D9487 /* Frameworks */,
				55D6659F2C0DC234004D9487 /* Resources */,
			);
			buildRules = (
			);
			dependencies = (
			);
			name = Santo;
			productName = Santo;
			productReference = 55D665A12C0DC234004D9487 /* Santo.app */;
			productType = "com.apple.product-type.application";
		};
		55D665B02C0DC236004D9487 /* SantoTests */ = {
			isa = PBXNativeTarget;
			buildConfigurationList = 55D665C82C0DC236004D9487 /* Build configuration list for PBXNativeTarget "SantoTests" */;
			buildPhases = (
				55D665AD2C0DC236004D9487 /* Sources */,
				55D665AE2C0DC236004D9487 /* Frameworks */,
				55D665AF2C0DC236004D9487 /* Resources */,
			);
			buildRules = (
			);
			dependencies = (
				55D665B32C0DC236004D9487 /* PBXTargetDependency */,
			);
			name = SantoTests;
			productName = SantoTests;
			productReference = 55D665B12C0DC236004D9487 /* SantoTests.xctest */;
			productType = "com.apple.product-type.bundle.unit-test";
		};
		55D665BA2C0DC236004D9487 /* SantoUITests */ = {
			isa = PBXNativeTarget;
			buildConfigurationList = 55D665CB2C0DC236004D9487 /* Build configuration list for PBXNativeTarget "SantoUITests" */;
			buildPhases = (
				55D665B72C0DC236004D9487 /* Sources */,
				55D665B82C0DC236004D9487 /* Frameworks */,
				55D665B92C0DC236004D9487 /* Resources */,
			);
			buildRules = (
			);
			dependencies = (
				55D665BD2C0DC236004D9487 /* PBXTargetDependency */,
			);
			name = SantoUITests;
			productName = SantoUITests;
			productReference = 55D665BB2C0DC236004D9487 /* SantoUITests.xctest */;
			productType = "com.apple.product-type.bundle.ui-testing";
		};
/* End PBXNativeTarget section */

/* Begin PBXProject section */
		55D665992C0DC233004D9487 /* Project object */ = {
			isa = PBXProject;
			attributes = {
				BuildIndependentTargetsInParallel = 1;
				LastSwiftUpdateCheck = 1540;
				LastUpgradeCheck = 1540;
				TargetAttributes = {
					55D665A02C0DC234004D9487 = {
						CreatedOnToolsVersion = 15.4;
					};
					55D665B02C0DC236004D9487 = {
						CreatedOnToolsVersion = 15.4;
						TestTargetID = 55D665A02C0DC234004D9487;
					};
					55D665BA2C0DC236004D9487 = {
						CreatedOnToolsVersion = 15.4;
						TestTargetID = 55D665A02C0DC234004D9487;
					};
				};
			};
			buildConfigurationList = 55D6659C2C0DC233004D9487 /* Build configuration list for PBXProject "Santo" */;
			compatibilityVersion = "Xcode 14.0";
			developmentRegion = en;
			hasScannedForEncodings = 0;
			knownRegions = (
				en,
				Base,
			);
			mainGroup = 55D665982C0DC233004D9487;
			productRefGroup = 55D665A22C0DC234004D9487 /* Products */;
			projectDirPath = "";
			projectRoot = "";
			targets = (
				55D665A02C0DC234004D9487 /* Santo */,
				55D665B02C0DC236004D9487 /* SantoTests */,
				55D665BA2C0DC236004D9487 /* SantoUITests */,
			);
		};
/* End PBXProject section */

/* Begin PBXResourcesBuildPhase section */
		55D6659F2C0DC234004D9487 /* Resources */ = {
			isa = PBXResourcesBuildPhase;
			buildActionMask = 2147483647;
			files = (
				55D665AC2C0DC235004D9487 /* Preview Assets.xcassets in Resources */,
				55D665A92C0DC235004D9487 /* Assets.xcassets in Resources */,
			);
			runOnlyForDeploymentPostprocessing = 0;
		};
		55D665AF2C0DC236004D9487 /* Resources */ = {
			isa = PBXResourcesBuildPhase;
			buildActionMask = 2147483647;
			files = (
			);
			runOnlyForDeploymentPostprocessing = 0;
		};
		55D665B92C0DC236004D9487 /* Resources */ = {
			isa = PBXResourcesBuildPhase;
			buildActionMask = 2147483647;
			files = (
			);
			runOnlyForDeploymentPostprocessing = 0;
		};
/* End PBXResourcesBuildPhase section */

/* Begin PBXSourcesBuildPhase section */
		55D6659D2C0DC234004D9487 /* Sources */ = {
			isa = PBXSourcesBuildPhase;
			buildActionMask = 2147483647;
			files = (
				55D665D12C0DD642004D9487 /* mytime.swift in Sources */,
				55D665A72C0DC234004D9487 /* ContentView.swift in Sources */,
				55D665A52C0DC234004D9487 /* SantoApp.swift in Sources */,
			);
			runOnlyForDeploymentPostprocessing = 0;
		};
		55D665AD2C0DC236004D9487 /* Sources */ = {
			isa = PBXSourcesBuildPhase;
			buildActionMask = 2147483647;
			files = (
				55D665B62C0DC236004D9487 /* SantoTests.swift in Sources */,
			);
			runOnlyForDeploymentPostprocessing = 0;
		};
		55D665B72C0DC236004D9487 /* Sources */ = {
			isa = PBXSourcesBuildPhase;
			buildActionMask = 2147483647;
			files = (
				55D665C22C0DC236004D9487 /* SantoUITestsLaunchTests.swift in Sources */,
				55D665C02C0DC236004D9487 /* SantoUITests.swift in Sources */,
			);
			runOnlyForDeploymentPostprocessing = 0;
		};
/* End PBXSourcesBuildPhase section */

/* Begin PBXTargetDependency section */
		55D665B32C0DC236004D9487 /* PBXTargetDependency */ = {
			isa = PBXTargetDependency;
			target = 55D665A02C0DC234004D9487 /* Santo */;
			targetProxy = 55D665B22C0DC236004D9487 /* PBXContainerItemProxy */;
		};
		55D665BD2C0DC236004D9487 /* PBXTargetDependency */ = {
			isa = PBXTargetDependency;
			target = 55D665A02C0DC234004D9487 /* Santo */;
			targetProxy = 55D665BC2C0DC236004D9487 /* PBXContainerItemProxy */;
		};
/* End PBXTargetDependency section */

/* Begin XCBuildConfiguration section */
		55D665C32C0DC236004D9487 /* Debug */ = {
			isa = XCBuildConfiguration;
			buildSettings = {
				ALWAYS_SEARCH_USER_PATHS = NO;
				ASSETCATALOG_COMPILER_GENERATE_SWIFT_ASSET_SYMBOL_EXTENSIONS = YES;
				CLANG_ANALYZER_NONNULL = YES;
				CLANG_ANALYZER_NUMBER_OBJECT_CONVERSION = YES_AGGRESSIVE;
				CLANG_CXX_LANGUAGE_STANDARD = "gnu++20";
				CLANG_ENABLE_MODULES = YES;
				CLANG_ENABLE_OBJC_ARC = YES;
				CLANG_ENABLE_OBJC_WEAK = YES;
				CLANG_WARN_BLOCK_CAPTURE_AUTORELEASING = YES;
				CLANG_WARN_BOOL_CONVERSION = YES;
				CLANG_WARN_COMMA = YES;
				CLANG_WARN_CONSTANT_CONVERSION = YES;
				CLANG_WARN_DEPRECATED_OBJC_IMPLEMENTATIONS = YES;
				CLANG_WARN_DIRECT_OBJC_ISA_USAGE = YES_ERROR;
				CLANG_WARN_DOCUMENTATION_COMMENTS = YES;
				CLANG_WARN_EMPTY_BODY = YES;
				CLANG_WARN_ENUM_CONVERSION = YES;
				CLANG_WARN_INFINITE_RECURSION = YES;
				CLANG_WARN_INT_CONVERSION = YES;
				CLANG_WARN_NON_LITERAL_NULL_CONVERSION = YES;
				CLANG_WARN_OBJC_IMPLICIT_RETAIN_SELF = YES;
				CLANG_WARN_OBJC_LITERAL_CONVERSION = YES;
				CLANG_WARN_OBJC_ROOT_CLASS = YES_ERROR;
				CLANG_WARN_QUOTED_INCLUDE_IN_FRAMEWORK_HEADER = YES;
				CLANG_WARN_RANGE_LOOP_ANALYSIS = YES;
				CLANG_WARN_STRICT_PROTOTYPES = YES;
				CLANG_WARN_SUSPICIOUS_MOVE = YES;
				CLANG_WARN_UNGUARDED_AVAILABILITY = YES_AGGRESSIVE;
				CLANG_WARN_UNREACHABLE_CODE = YES;
				CLANG_WARN__DUPLICATE_METHOD_MATCH = YES;
				COPY_PHASE_STRIP = NO;
				DEBUG_INFORMATION_FORMAT = dwarf;
				ENABLE_STRICT_OBJC_MSGSEND = YES;
				ENABLE_TESTABILITY = YES;
				ENABLE_USER_SCRIPT_SANDBOXING = YES;
				GCC_C_LANGUAGE_STANDARD = gnu17;
				GCC_DYNAMIC_NO_PIC = NO;
				GCC_NO_COMMON_BLOCKS = YES;
				GCC_OPTIMIZATION_LEVEL = 0;
				GCC_PREPROCESSOR_DEFINITIONS = (
					"DEBUG=1",
					"$(inherited)",
				);
				GCC_WARN_64_TO_32_BIT_CONVERSION = YES;
				GCC_WARN_ABOUT_RETURN_TYPE = YES_ERROR;
				GCC_WARN_UNDECLARED_SELECTOR = YES;
				GCC_WARN_UNINITIALIZED_AUTOS = YES_AGGRESSIVE;
				GCC_WARN_UNUSED_FUNCTION = YES;
				GCC_WARN_UNUSED_VARIABLE = YES;
				IPHONEOS_DEPLOYMENT_TARGET = 17.5;
				LOCALIZATION_PREFERS_STRING_CATALOGS = YES;
				MTL_ENABLE_DEBUG_INFO = INCLUDE_SOURCE;
				MTL_FAST_MATH = YES;
				ONLY_ACTIVE_ARCH = YES;
				SDKROOT = iphoneos;
				SWIFT_ACTIVE_COMPILATION_CONDITIONS = "DEBUG $(inherited)";
				SWIFT_OPTIMIZATION_LEVEL = "-Onone";
			};
			name = Debug;
		};
		55D665C42C0DC236004D9487 /* Release */ = {
			isa = XCBuildConfiguration;
			buildSettings = {
				ALWAYS_SEARCH_USER_PATHS = NO;
				ASSETCATALOG_COMPILER_GENERATE_SWIFT_ASSET_SYMBOL_EXTENSIONS = YES;
				CLANG_ANALYZER_NONNULL = YES;
				CLANG_ANALYZER_NUMBER_OBJECT_CONVERSION = YES_AGGRESSIVE;
				CLANG_CXX_LANGUAGE_STANDARD = "gnu++20";
				CLANG_ENABLE_MODULES = YES;
				CLANG_ENABLE_OBJC_ARC = YES;
				CLANG_ENABLE_OBJC_WEAK = YES;
				CLANG_WARN_BLOCK_CAPTURE_AUTORELEASING = YES;
				CLANG_WARN_BOOL_CONVERSION = YES;
				CLANG_WARN_COMMA = YES;
				CLANG_WARN_CONSTANT_CONVERSION = YES;
				CLANG_WARN_DEPRECATED_OBJC_IMPLEMENTATIONS = YES;
				CLANG_WARN_DIRECT_OBJC_ISA_USAGE = YES_ERROR;
				CLANG_WARN_DOCUMENTATION_COMMENTS = YES;
				CLANG_WARN_EMPTY_BODY = YES;
				CLANG_WARN_ENUM_CONVERSION = YES;
				CLANG_WARN_INFINITE_RECURSION = YES;
				CLANG_WARN_INT_CONVERSION = YES;
				CLANG_WARN_NON_LITERAL_NULL_CONVERSION = YES;
				CLANG_WARN_OBJC_IMPLICIT_RETAIN_SELF = YES;
				CLANG_WARN_OBJC_LITERAL_CONVERSION = YES;
				CLANG_WARN_OBJC_ROOT_CLASS = YES_ERROR;
				CLANG_WARN_QUOTED_INCLUDE_IN_FRAMEWORK_HEADER = YES;
				CLANG_WARN_RANGE_LOOP_ANALYSIS = YES;
				CLANG_WARN_STRICT_PROTOTYPES = YES;
				CLANG_WARN_SUSPICIOUS_MOVE = YES;
				CLANG_WARN_UNGUARDED_AVAILABILITY = YES_AGGRESSIVE;
				CLANG_WARN_UNREACHABLE_CODE = YES;
				CLANG_WARN__DUPLICATE_METHOD_MATCH = YES;
				COPY_PHASE_STRIP = NO;
				DEBUG_INFORMATION_FORMAT = "dwarf-with-dsym";
				ENABLE_NS_ASSERTIONS = NO;
				ENABLE_STRICT_OBJC_MSGSEND = YES;
				ENABLE_USER_SCRIPT_SANDBOXING = YES;
				GCC_C_LANGUAGE_STANDARD = gnu17;
				GCC_NO_COMMON_BLOCKS = YES;
				GCC_WARN_64_TO_32_BIT_CONVERSION = YES;
				GCC_WARN_ABOUT_RETURN_TYPE = YES_ERROR;
				GCC_WARN_UNDECLARED_SELECTOR = YES;
				GCC_WARN_UNINITIALIZED_AUTOS = YES_AGGRESSIVE;
				GCC_WARN_UNUSED_FUNCTION = YES;
				GCC_WARN_UNUSED_VARIABLE = YES;
				IPHONEOS_DEPLOYMENT_TARGET = 17.5;
				LOCALIZATION_PREFERS_STRING_CATALOGS = YES;
				MTL_ENABLE_DEBUG_INFO = NO;
				MTL_FAST_MATH = YES;
				SDKROOT = iphoneos;
				SWIFT_COMPILATION_MODE = wholemodule;
				VALIDATE_PRODUCT = YES;
			};
			name = Release;
		};
		55D665C62C0DC236004D9487 /* Debug */ = {
			isa = XCBuildConfiguration;
			buildSettings = {
				ASSETCATALOG_COMPILER_APPICON_NAME = AppIcon;
				ASSETCATALOG_COMPILER_GLOBAL_ACCENT_COLOR_NAME = AccentColor;
				CODE_SIGN_STYLE = Automatic;
				CURRENT_PROJECT_VERSION = 1;
				DEVELOPMENT_ASSET_PATHS = "\"Santo/Preview Content\"";
				ENABLE_PREVIEWS = YES;
				GENERATE_INFOPLIST_FILE = YES;
				INFOPLIST_KEY_UIApplicationSceneManifest_Generation = YES;
				INFOPLIST_KEY_UIApplicationSupportsIndirectInputEvents = YES;
				INFOPLIST_KEY_UILaunchScreen_Generation = YES;
				INFOPLIST_KEY_UISupportedInterfaceOrientations_iPad = "UIInterfaceOrientationPortrait UIInterfaceOrientationPortraitUpsideDown UIInterfaceOrientationLandscapeLeft UIInterfaceOrientationLandscapeRight";
				INFOPLIST_KEY_UISupportedInterfaceOrientations_iPhone = "UIInterfaceOrientationPortrait UIInterfaceOrientationLandscapeLeft UIInterfaceOrientationLandscapeRight";
				LD_RUNPATH_SEARCH_PATHS = (
					"$(inherited)",
					"@executable_path/Frameworks",
				);
				MARKETING_VERSION = 1.0;
				PRODUCT_BUNDLE_IDENTIFIER = LongJorney.Santo;
				PRODUCT_NAME = "$(TARGET_NAME)";
				SWIFT_EMIT_LOC_STRINGS = YES;
				SWIFT_VERSION = 5.0;
				TARGETED_DEVICE_FAMILY = "1,2";
			};
			name = Debug;
		};
		55D665C72C0DC236004D9487 /* Release */ = {
			isa = XCBuildConfiguration;
			buildSettings = {
				ASSETCATALOG_COMPILER_APPICON_NAME = AppIcon;
				ASSETCATALOG_COMPILER_GLOBAL_ACCENT_COLOR_NAME = AccentColor;
				CODE_SIGN_STYLE = Automatic;
				CURRENT_PROJECT_VERSION = 1;
				DEVELOPMENT_ASSET_PATHS = "\"Santo/Preview Content\"";
				ENABLE_PREVIEWS = YES;
				GENERATE_INFOPLIST_FILE = YES;
				INFOPLIST_KEY_UIApplicationSceneManifest_Generation = YES;
				INFOPLIST_KEY_UIApplicationSupportsIndirectInputEvents = YES;
				INFOPLIST_KEY_UILaunchScreen_Generation = YES;
				INFOPLIST_KEY_UISupportedInterfaceOrientations_iPad = "UIInterfaceOrientationPortrait UIInterfaceOrientationPortraitUpsideDown UIInterfaceOrientationLandscapeLeft UIInterfaceOrientationLandscapeRight";
				INFOPLIST_KEY_UISupportedInterfaceOrientations_iPhone = "UIInterfaceOrientationPortrait UIInterfaceOrientationLandscapeLeft UIInterfaceOrientationLandscapeRight";
				LD_RUNPATH_SEARCH_PATHS = (
					"$(inherited)",
					"@executable_path/Frameworks",
				);
				MARKETING_VERSION = 1.0;
				PRODUCT_BUNDLE_IDENTIFIER = LongJorney.Santo;
				PRODUCT_NAME = "$(TARGET_NAME)";
				SWIFT_EMIT_LOC_STRINGS = YES;
				SWIFT_VERSION = 5.0;
				TARGETED_DEVICE_FAMILY = "1,2";
			};
			name = Release;
		};
		55D665C92C0DC236004D9487 /* Debug */ = {
			isa = XCBuildConfiguration;
			buildSettings = {
				ALWAYS_EMBED_SWIFT_STANDARD_LIBRARIES = YES;
				BUNDLE_LOADER = "$(TEST_HOST)";
				CODE_SIGN_STYLE = Automatic;
				CURRENT_PROJECT_VERSION = 1;
				GENERATE_INFOPLIST_FILE = YES;
				IPHONEOS_DEPLOYMENT_TARGET = 17.5;
				MARKETING_VERSION = 1.0;
				PRODUCT_BUNDLE_IDENTIFIER = LongJorney.SantoTests;
				PRODUCT_NAME = "$(TARGET_NAME)";
				SWIFT_EMIT_LOC_STRINGS = NO;
				SWIFT_VERSION = 5.0;
				TARGETED_DEVICE_FAMILY = "1,2";
				TEST_HOST = "$(BUILT_PRODUCTS_DIR)/Santo.app/$(BUNDLE_EXECUTABLE_FOLDER_PATH)/Santo";
			};
			name = Debug;
		};
		55D665CA2C0DC236004D9487 /* Release */ = {
			isa = XCBuildConfiguration;
			buildSettings = {
				ALWAYS_EMBED_SWIFT_STANDARD_LIBRARIES = YES;
				BUNDLE_LOADER = "$(TEST_HOST)";
				CODE_SIGN_STYLE = Automatic;
				CURRENT_PROJECT_VERSION = 1;
				GENERATE_INFOPLIST_FILE = YES;
				IPHONEOS_DEPLOYMENT_TARGET = 17.5;
				MARKETING_VERSION = 1.0;
				PRODUCT_BUNDLE_IDENTIFIER = LongJorney.SantoTests;
				PRODUCT_NAME = "$(TARGET_NAME)";
				SWIFT_EMIT_LOC_STRINGS = NO;
				SWIFT_VERSION = 5.0;
				TARGETED_DEVICE_FAMILY = "1,2";
				TEST_HOST = "$(BUILT_PRODUCTS_DIR)/Santo.app/$(BUNDLE_EXECUTABLE_FOLDER_PATH)/Santo";
			};
			name = Release;
		};
		55D665CC2C0DC236004D9487 /* Debug */ = {
			isa = XCBuildConfiguration;
			buildSettings = {
				ALWAYS_EMBED_SWIFT_STANDARD_LIBRARIES = YES;
				CODE_SIGN_STYLE = Automatic;
				CURRENT_PROJECT_VERSION = 1;
				GENERATE_INFOPLIST_FILE = YES;
				MARKETING_VERSION = 1.0;
				PRODUCT_BUNDLE_IDENTIFIER = LongJorney.SantoUITests;
				PRODUCT_NAME = "$(TARGET_NAME)";
				SWIFT_EMIT_LOC_STRINGS = NO;
				SWIFT_VERSION = 5.0;
				TARGETED_DEVICE_FAMILY = "1,2";
				TEST_TARGET_NAME = Santo;
			};
			name = Debug;
		};
		55D665CD2C0DC236004D9487 /* Release */ = {
			isa = XCBuildConfiguration;
			buildSettings = {
				ALWAYS_EMBED_SWIFT_STANDARD_LIBRARIES = YES;
				CODE_SIGN_STYLE = Automatic;
				CURRENT_PROJECT_VERSION = 1;
				GENERATE_INFOPLIST_FILE = YES;
				MARKETING_VERSION = 1.0;
				PRODUCT_BUNDLE_IDENTIFIER = LongJorney.SantoUITests;
				PRODUCT_NAME = "$(TARGET_NAME)";
				SWIFT_EMIT_LOC_STRINGS = NO;
				SWIFT_VERSION = 5.0;
				TARGETED_DEVICE_FAMILY = "1,2";
				TEST_TARGET_NAME = Santo;
			};
			name = Release;
		};
/* End XCBuildConfiguration section */

/* Begin XCConfigurationList section */
		55D6659C2C0DC233004D9487 /* Build configuration list for PBXProject "Santo" */ = {
			isa = XCConfigurationList;
			buildConfigurations = (
				55D665C32C0DC236004D9487 /* Debug */,
				55D665C42C0DC236004D9487 /* Release */,
			);
			defaultConfigurationIsVisible = 0;
			defaultConfigurationName = Release;
		};
		55D665C52C0DC236004D9487 /* Build configuration list for PBXNativeTarget "Santo" */ = {
			isa = XCConfigurationList;
			buildConfigurations = (
				55D665C62C0DC236004D9487 /* Debug */,
				55D665C72C0DC236004D9487 /* Release */,
			);
			defaultConfigurationIsVisible = 0;
			defaultConfigurationName = Release;
		};
		55D665C82C0DC236004D9487 /* Build configuration list for PBXNativeTarget "SantoTests" */ = {
			isa = XCConfigurationList;
			buildConfigurations = (
				55D665C92C0DC236004D9487 /* Debug */,
				55D665CA2C0DC236004D9487 /* Release */,
			);
			defaultConfigurationIsVisible = 0;
			defaultConfigurationName = Release;
		};
		55D665CB2C0DC236004D9487 /* Build configuration list for PBXNativeTarget "SantoUITests" */ = {
			isa = XCConfigurationList;
			buildConfigurations = (
				55D665CC2C0DC236004D9487 /* Debug */,
				55D665CD2C0DC236004D9487 /* Release */,
			);
			defaultConfigurationIsVisible = 0;
			defaultConfigurationName = Release;
		};
/* End XCConfigurationList section */
	};
	rootObject = 55D665992C0DC233004D9487 /* Project object */;
}
